
Microsoft Visual Studio Solution File, Format Version 12.00
# Visual Studio Version 17
VisualStudioVersion = 17.1.32328.378
MinimumVisualStudioVersion = 10.0.40219.1
Project("{FAE04EC0-301F-11D3-BF4B-00C04F79EFBC}") = "InternetProgSinav", "InternetProgSinav\InternetProgSinav.csproj", "{80DDDFEE-37B9-4733-9CC9-29257892AF25}"
EndProject
Global
	GlobalSection(SolutionConfigurationPlatforms) = preSolution
		Debug|Any CPU = Debug|Any CPU
		Release|Any CPU = Release|Any CPU
	EndGlobalSection
	GlobalSection(ProjectConfigurationPlatforms) = postSolution
		{80DDDFEE-37B9-4733-9CC9-29257892AF25}.Debug|Any CPU.ActiveCfg = Debug|Any CPU
		{80DDDFEE-37B9-4733-9CC9-29257892AF25}.Debug|Any CPU.Build.0 = Debug|Any CPU
		{80DDDFEE-37B9-4733-9CC9-29257892AF25}.Release|Any CPU.ActiveCfg = Release|Any CPU
		{80DDDFEE-37B9-4733-9CC9-29257892AF25}.Release|Any CPU.Build.0 = Release|Any CPU
	EndGlobalSection
	GlobalSection(SolutionProperties) = preSolution
		HideSolutionNode = FALSE
	EndGlobalSection
	GlobalSection(ExtensibilityGlobals) = postSolution
		SolutionGuid = {011F0811-76A1-4216-B052-E664C06BA630}
	EndGlobalSection
EndGlobal
